PODS:
  - Marketplace (1.0.6)

DEPENDENCIES:
  - Marketplace (from `https://github.com/ProsperasTeam/MarketplaceSDKiOS.git`, branch `main`, tag `1.0.7`)

EXTERNAL SOURCES:
  Marketplace:
    :branch: main
    :git: https://github.com/ProsperasTeam/MarketplaceSDKiOS.git
    :tag: 1.0.7

CHECKOUT OPTIONS:
  Marketplace:
    :commit: f952371408eccfc22c7ca1ee34d70212d2fb5be4
    :git: https://github.com/ProsperasTeam/MarketplaceSDKiOS.git
    :tag: 1.0.7

SPEC CHECKSUMS:
  Marketplace: 47931efb3fab270ad5aba359c9e7513ff98fc9ed

PODFILE CHECKSUM: 83460b029b153b481c523aca071c87bbfa31ef94

COCOAPODS: 1.12.0
